
Microsoft Visual Studio Solution File, Format Version 12.00
# Visual Studio 15
VisualStudioVersion = 15.0.28307.572
MinimumVisualStudioVersion = 10.0.40219.1
Project("{FAE04EC0-301F-11D3-BF4B-00C04F79EFBC}") = "GisBooks", "GisBooks\GisBooks.csproj", "{ABDC8BC5-C93C-4EB3-9B80-6918E020D82C}"
EndProject
Global
	GlobalSection(SolutionConfigurationPlatforms) = preSolution
		Debug|Any CPU = Debug|Any CPU
		Release|Any CPU = Release|Any CPU
	EndGlobalSection
	GlobalSection(ProjectConfigurationPlatforms) = postSolution
		{ABDC8BC5-C93C-4EB3-9B80-6918E020D82C}.Debug|Any CPU.ActiveCfg = Debug|Any CPU
		{ABDC8BC5-C93C-4EB3-9B80-6918E020D82C}.Debug|Any CPU.Build.0 = Debug|Any CPU
		{ABDC8BC5-C93C-4EB3-9B80-6918E020D82C}.Release|Any CPU.ActiveCfg = Release|Any CPU
		{ABDC8BC5-C93C-4EB3-9B80-6918E020D82C}.Release|Any CPU.Build.0 = Release|Any CPU
	EndGlobalSection
	GlobalSection(SolutionProperties) = preSolution
		HideSolutionNode = FALSE
	EndGlobalSection
	GlobalSection(ExtensibilityGlobals) = postSolution
		SolutionGuid = {C71CD122-A371-4E15-B6F6-6F3EDC01C1F5}
	EndGlobalSection
EndGlobal
